
Microsoft Visual Studio Solution File, Format Version 12.00
# Visual Studio 15
Project("{FAE04EC0-301F-11D3-BF4B-00C04F79EFBC}") = "Assembly-CSharp", "Assembly-CSharp.csproj", "{C0894A53-05CC-B30C-2243-D807C9EBC19D}"
EndProject
Project("{FAE04EC0-301F-11D3-BF4B-00C04F79EFBC}") = "Assembly-CSharp-Editor", "Assembly-CSharp-Editor.csproj", "{DFF6C3B6-EC64-1A33-F7CC-3FCDF22D78F3}"
EndProject
Global
	GlobalSection(SolutionConfigurationPlatforms) = preSolution
		Debug|Any CPU = Debug|Any CPU
		Release|Any CPU = Release|Any CPU
	EndGlobalSection
	GlobalSection(ProjectConfigurationPlatforms) = postSolution
		{C0894A53-05CC-B30C-2243-D807C9EBC19D}.Debug|Any CPU.ActiveCfg = Debug|Any CPU
		{C0894A53-05CC-B30C-2243-D807C9EBC19D}.Debug|Any CPU.Build.0 = Debug|Any CPU
		{C0894A53-05CC-B30C-2243-D807C9EBC19D}.Release|Any CPU.ActiveCfg = Release|Any CPU
		{C0894A53-05CC-B30C-2243-D807C9EBC19D}.Release|Any CPU.Build.0 = Release|Any CPU
		{DFF6C3B6-EC64-1A33-F7CC-3FCDF22D78F3}.Debug|Any CPU.ActiveCfg = Debug|Any CPU
		{DFF6C3B6-EC64-1A33-F7CC-3FCDF22D78F3}.Debug|Any CPU.Build.0 = Debug|Any CPU
		{DFF6C3B6-EC64-1A33-F7CC-3FCDF22D78F3}.Release|Any CPU.ActiveCfg = Release|Any CPU
		{DFF6C3B6-EC64-1A33-F7CC-3FCDF22D78F3}.Release|Any CPU.Build.0 = Release|Any CPU
	EndGlobalSection
	GlobalSection(SolutionProperties) = preSolution
		HideSolutionNode = FALSE
	EndGlobalSection
EndGlobal
